
Microsoft Visual Studio Solution File, Format Version 12.00
Project("{FAE04EC0-301F-11D3-BF4B-00C04F79EFBC}") = "ProductsApi", "ProductsApi\ProductsApi.csproj", "{E36E95DF-0797-447D-8DFE-A3716909EFE5}"
EndProject
Project("{FAE04EC0-301F-11D3-BF4B-00C04F79EFBC}") = "ProductsApi.Tests", "ProductsApi.Tests\ProductsApi.Tests.csproj", "{62F3B14D-B528-4334-9481-20E3CCEAE04D}"
EndProject
Global
	GlobalSection(SolutionConfigurationPlatforms) = preSolution
		Debug|Any CPU = Debug|Any CPU
		Release|Any CPU = Release|Any CPU
	EndGlobalSection
	GlobalSection(ProjectConfigurationPlatforms) = postSolution
		{E36E95DF-0797-447D-8DFE-A3716909EFE5}.Debug|Any CPU.ActiveCfg = Debug|Any CPU
		{E36E95DF-0797-447D-8DFE-A3716909EFE5}.Debug|Any CPU.Build.0 = Debug|Any CPU
		{E36E95DF-0797-447D-8DFE-A3716909EFE5}.Release|Any CPU.ActiveCfg = Release|Any CPU
		{E36E95DF-0797-447D-8DFE-A3716909EFE5}.Release|Any CPU.Build.0 = Release|Any CPU
		{62F3B14D-B528-4334-9481-20E3CCEAE04D}.Debug|Any CPU.ActiveCfg = Debug|Any CPU
		{62F3B14D-B528-4334-9481-20E3CCEAE04D}.Debug|Any CPU.Build.0 = Debug|Any CPU
		{62F3B14D-B528-4334-9481-20E3CCEAE04D}.Release|Any CPU.ActiveCfg = Release|Any CPU
		{62F3B14D-B528-4334-9481-20E3CCEAE04D}.Release|Any CPU.Build.0 = Release|Any CPU
	EndGlobalSection
EndGlobal
